
Microsoft Visual Studio Solution File, Format Version 12.00
# Visual Studio Version 17
VisualStudioVersion = 17.13.35931.197 d17.13
MinimumVisualStudioVersion = 10.0.40219.1
Project("{FAE04EC0-301F-11D3-BF4B-00C04F79EFBC}") = "HW12", "HW12\HW12.csproj", "{FD4D7C0E-3A42-4ED0-916E-8A5ED8C97CBE}"
EndProject
Global
	GlobalSection(SolutionConfigurationPlatforms) = preSolution
		Debug|Any CPU = Debug|Any CPU
		Release|Any CPU = Release|Any CPU
	EndGlobalSection
	GlobalSection(ProjectConfigurationPlatforms) = postSolution
		{FD4D7C0E-3A42-4ED0-916E-8A5ED8C97CBE}.Debug|Any CPU.ActiveCfg = Debug|Any CPU
		{FD4D7C0E-3A42-4ED0-916E-8A5ED8C97CBE}.Debug|Any CPU.Build.0 = Debug|Any CPU
		{FD4D7C0E-3A42-4ED0-916E-8A5ED8C97CBE}.Release|Any CPU.ActiveCfg = Release|Any CPU
		{FD4D7C0E-3A42-4ED0-916E-8A5ED8C97CBE}.Release|Any CPU.Build.0 = Release|Any CPU
	EndGlobalSection
	GlobalSection(SolutionProperties) = preSolution
		HideSolutionNode = FALSE
	EndGlobalSection
	GlobalSection(ExtensibilityGlobals) = postSolution
		SolutionGuid = {0FE4FEED-2D4F-476D-A7B3-5C9BE02C6282}
	EndGlobalSection
EndGlobal
