
Microsoft Visual Studio Solution File, Format Version 12.00
# Visual Studio Version 17
VisualStudioVersion = 17.13.35931.197 d17.13
MinimumVisualStudioVersion = 10.0.40219.1
Project("{FAE04EC0-301F-11D3-BF4B-00C04F79EFBC}") = "HW14", "HW14\HW14.csproj", "{8A1AE803-C020-4ABC-AE9C-952E6D0AFC0A}"
EndProject
Global
	GlobalSection(SolutionConfigurationPlatforms) = preSolution
		Debug|Any CPU = Debug|Any CPU
		Release|Any CPU = Release|Any CPU
	EndGlobalSection
	GlobalSection(ProjectConfigurationPlatforms) = postSolution
		{8A1AE803-C020-4ABC-AE9C-952E6D0AFC0A}.Debug|Any CPU.ActiveCfg = Debug|Any CPU
		{8A1AE803-C020-4ABC-AE9C-952E6D0AFC0A}.Debug|Any CPU.Build.0 = Debug|Any CPU
		{8A1AE803-C020-4ABC-AE9C-952E6D0AFC0A}.Release|Any CPU.ActiveCfg = Release|Any CPU
		{8A1AE803-C020-4ABC-AE9C-952E6D0AFC0A}.Release|Any CPU.Build.0 = Release|Any CPU
	EndGlobalSection
	GlobalSection(SolutionProperties) = preSolution
		HideSolutionNode = FALSE
	EndGlobalSection
	GlobalSection(ExtensibilityGlobals) = postSolution
		SolutionGuid = {1BB9F430-8744-49A3-A693-7F381C972139}
	EndGlobalSection
EndGlobal
